{
  "version": 4,
  "terraform_version": "1.8.5",
  "serial": 24,
  "lineage": "abac1183-95b6-75da-a605-bc83bb0a77cb",
  "outputs": {},
  "resources": [
    {
      "mode": "data",
      "type": "aws_ami",
      "name": "ubuntu_22_04",
      "provider": "provider[\"registry.terraform.io/hashicorp/aws\"]",
      "instances": [
        {
          "schema_version": 0,
          "attributes": {
            "architecture": "x86_64",
            "arn": "arn:aws:ec2:us-east-1::image/ami-0a0e5d9c7acc336f1",
            "block_device_mappings": [
              {
                "device_name": "/dev/sda1",
                "ebs": {
                  "delete_on_termination": "true",
                  "encrypted": "false",
                  "iops": "0",
                  "snapshot_id": "snap-08fad53abf23a5f48",
                  "throughput": "0",
                  "volume_size": "8",
                  "volume_type": "gp2"
                },
                "no_device": "",
                "virtual_name": ""
              },
              {
                "device_name": "/dev/sdb",
                "ebs": {},
                "no_device": "",
                "virtual_name": "ephemeral0"
              },
              {
                "device_name": "/dev/sdc",
                "ebs": {},
                "no_device": "",
                "virtual_name": "ephemeral1"
              }
            ],
            "boot_mode": "uefi-preferred",
            "creation_date": "2024-07-01T16:36:50.000Z",
            "deprecation_time": "2026-07-01T16:36:50.000Z",
            "description": "Canonical, Ubuntu, 22.04 LTS, amd64 jammy image build on 2024-07-01",
            "ena_support": true,
            "executable_users": null,
            "filter": [
              {
                "name": "name",
                "values": [
                  "ubuntu/images/hvm-ssd/ubuntu-jammy-22.04-amd64-server-*"
                ]
              }
            ],
            "hypervisor": "xen",
            "id": "ami-0a0e5d9c7acc336f1",
            "image_id": "ami-0a0e5d9c7acc336f1",
            "image_location": "amazon/ubuntu/images/hvm-ssd/ubuntu-jammy-22.04-amd64-server-20240701",
            "image_owner_alias": "amazon",
            "image_type": "machine",
            "imds_support": "",
            "include_deprecated": false,
            "kernel_id": "",
            "most_recent": true,
            "name": "ubuntu/images/hvm-ssd/ubuntu-jammy-22.04-amd64-server-20240701",
            "name_regex": null,
            "owner_id": "099720109477",
            "owners": [
              "099720109477"
            ],
            "platform": "",
            "platform_details": "Linux/UNIX",
            "product_codes": [],
            "public": true,
            "ramdisk_id": "",
            "root_device_name": "/dev/sda1",
            "root_device_type": "ebs",
            "root_snapshot_id": "snap-08fad53abf23a5f48",
            "sriov_net_support": "simple",
            "state": "available",
            "state_reason": {
              "code": "UNSET",
              "message": "UNSET"
            },
            "tags": {},
            "timeouts": null,
            "tpm_support": "",
            "usage_operation": "RunInstances",
            "virtualization_type": "hvm"
          },
          "sensitive_attributes": []
        }
      ]
    },
    {
      "mode": "data",
      "type": "aws_availability_zones",
      "name": "available",
      "provider": "provider[\"registry.terraform.io/hashicorp/aws\"]",
      "instances": [
        {
          "schema_version": 0,
          "attributes": {
            "all_availability_zones": null,
            "exclude_names": null,
            "exclude_zone_ids": null,
            "filter": null,
            "group_names": [
              "us-east-1"
            ],
            "id": "us-east-1",
            "names": [
              "us-east-1a",
              "us-east-1b",
              "us-east-1c",
              "us-east-1d",
              "us-east-1e",
              "us-east-1f"
            ],
            "state": null,
            "timeouts": null,
            "zone_ids": [
              "use1-az6",
              "use1-az1",
              "use1-az2",
              "use1-az4",
              "use1-az3",
              "use1-az5"
            ]
          },
          "sensitive_attributes": []
        }
      ]
    },
    {
      "mode": "data",
      "type": "aws_region",
      "name": "current",
      "provider": "provider[\"registry.terraform.io/hashicorp/aws\"]",
      "instances": [
        {
          "schema_version": 0,
          "attributes": {
            "description": "US East (N. Virginia)",
            "endpoint": "ec2.us-east-1.amazonaws.com",
            "id": "us-east-1",
            "name": "us-east-1"
          },
          "sensitive_attributes": []
        }
      ]
    },
    {
      "mode": "managed",
      "type": "aws_eip",
      "name": "nat_gateway_eip",
      "provider": "provider[\"registry.terraform.io/hashicorp/aws\"]",
      "instances": [
        {
          "schema_version": 0,
          "attributes": {
            "address": null,
            "allocation_id": "eipalloc-0d04460f0da42c3a8",
            "arn": "arn:aws:ec2:us-east-1:388421404980:elastic-ip/eipalloc-0d04460f0da42c3a8",
            "associate_with_private_ip": null,
            "association_id": "eipassoc-00cd6211df9c477b8",
            "carrier_ip": "",
            "customer_owned_ip": "",
            "customer_owned_ipv4_pool": "",
            "domain": "vpc",
            "id": "eipalloc-0d04460f0da42c3a8",
            "instance": "",
            "network_border_group": "us-east-1",
            "network_interface": "eni-0fe66b441c767e049",
            "private_dns": "ip-10-0-101-169.ec2.internal",
            "private_ip": "10.0.101.169",
            "ptr_record": "",
            "public_dns": "ec2-52-207-173-25.compute-1.amazonaws.com",
            "public_ip": "52.207.173.25",
            "public_ipv4_pool": "amazon",
            "tags": {
              "Name": "demo_igw_eip"
            },
            "tags_all": {
              "Name": "demo_igw_eip"
            },
            "timeouts": null,
            "vpc": true
          },
          "sensitive_attributes": [],
          "private": "eyJlMmJmYjczMC1lY2FhLTExZTYtOGY4OC0zNDM2M2JjN2M0YzAiOnsiZGVsZXRlIjoxODAwMDAwMDAwMDAsInJlYWQiOjkwMDAwMDAwMDAwMCwidXBkYXRlIjozMDAwMDAwMDAwMDB9fQ==",
          "dependencies": [
            "aws_internet_gateway.internet_gateway",
            "aws_vpc.vpc"
          ]
        }
      ]
    },
    {
      "mode": "managed",
      "type": "aws_instance",
      "name": "ubuntu_server",
      "provider": "provider[\"registry.terraform.io/hashicorp/aws\"]",
      "instances": [
        {
          "schema_version": 1,
          "attributes": {
            "ami": "ami-0a0e5d9c7acc336f1",
            "arn": "arn:aws:ec2:us-east-1:388421404980:instance/i-005d0bb3705a4a6d6",
            "associate_public_ip_address": true,
            "availability_zone": "us-east-1b",
            "capacity_reservation_specification": [
              {
                "capacity_reservation_preference": "open",
                "capacity_reservation_target": []
              }
            ],
            "cpu_core_count": 1,
            "cpu_options": [
              {
                "amd_sev_snp": "",
                "core_count": 1,
                "threads_per_core": 1
              }
            ],
            "cpu_threads_per_core": 1,
            "credit_specification": [
              {
                "cpu_credits": "standard"
              }
            ],
            "disable_api_stop": false,
            "disable_api_termination": false,
            "ebs_block_device": [],
            "ebs_optimized": false,
            "enclave_options": [
              {
                "enabled": false
              }
            ],
            "ephemeral_block_device": [],
            "get_password_data": false,
            "hibernation": false,
            "host_id": "",
            "host_resource_group_arn": null,
            "iam_instance_profile": "",
            "id": "i-005d0bb3705a4a6d6",
            "instance_initiated_shutdown_behavior": "stop",
            "instance_lifecycle": "",
            "instance_market_options": [],
            "instance_state": "running",
            "instance_type": "t2.micro",
            "ipv6_address_count": 0,
            "ipv6_addresses": [],
            "key_name": "MyAWSKey",
            "launch_template": [],
            "maintenance_options": [
              {
                "auto_recovery": "default"
              }
            ],
            "metadata_options": [
              {
                "http_endpoint": "enabled",
                "http_protocol_ipv6": "disabled",
                "http_put_response_hop_limit": 1,
                "http_tokens": "optional",
                "instance_metadata_tags": "disabled"
              }
            ],
            "monitoring": false,
            "network_interface": [],
            "outpost_arn": "",
            "password_data": "",
            "placement_group": "",
            "placement_partition_number": 0,
            "primary_network_interface_id": "eni-03ca9eb2e9b1d761f",
            "private_dns": "ip-10-0-101-69.ec2.internal",
            "private_dns_name_options": [
              {
                "enable_resource_name_dns_a_record": false,
                "enable_resource_name_dns_aaaa_record": false,
                "hostname_type": "ip-name"
              }
            ],
            "private_ip": "10.0.101.69",
            "public_dns": "",
            "public_ip": "44.211.231.122",
            "root_block_device": [
              {
                "delete_on_termination": true,
                "device_name": "/dev/sda1",
                "encrypted": false,
                "iops": 100,
                "kms_key_id": "",
                "tags": {},
                "tags_all": {},
                "throughput": 0,
                "volume_id": "vol-08d54f4126bcfce6f",
                "volume_size": 8,
                "volume_type": "gp2"
              }
            ],
            "secondary_private_ips": [],
            "security_groups": [
              "sg-017d599970c6e88c5",
              "sg-056303adbf3ab6717",
              "sg-0f9c431116bdec5bc"
            ],
            "source_dest_check": true,
            "spot_instance_request_id": "",
            "subnet_id": "subnet-0371c409d4dc4a8f4",
            "tags": {
              "Name": "Ubuntu EC2 Server"
            },
            "tags_all": {
              "Name": "Ubuntu EC2 Server"
            },
            "tenancy": "default",
            "timeouts": null,
            "user_data": null,
            "user_data_base64": null,
            "user_data_replace_on_change": false,
            "volume_tags": null,
            "vpc_security_group_ids": [
              "sg-017d599970c6e88c5",
              "sg-056303adbf3ab6717",
              "sg-0f9c431116bdec5bc"
            ]
          },
          "sensitive_attributes": [],
          "private": "eyJlMmJmYjczMC1lY2FhLTExZTYtOGY4OC0zNDM2M2JjN2M0YzAiOnsiY3JlYXRlIjo2MDAwMDAwMDAwMDAsImRlbGV0ZSI6MTIwMDAwMDAwMDAwMCwicmVhZCI6OTAwMDAwMDAwMDAwLCJ1cGRhdGUiOjYwMDAwMDAwMDAwMH0sInNjaGVtYV92ZXJzaW9uIjoiMSJ9",
          "dependencies": [
            "aws_key_pair.generated",
            "aws_security_group.ingress-ssh",
            "aws_security_group.vpc-ping",
            "aws_security_group.vpc-web",
            "aws_subnet.public_subnets",
            "aws_vpc.vpc",
            "data.aws_ami.ubuntu_22_04",
            "data.aws_availability_zones.available",
            "local_file.private_key_pem",
            "tls_private_key.generated"
          ]
        }
      ]
    },
    {
      "mode": "managed",
      "type": "aws_internet_gateway",
      "name": "internet_gateway",
      "provider": "provider[\"registry.terraform.io/hashicorp/aws\"]",
      "instances": [
        {
          "schema_version": 0,
          "attributes": {
            "arn": "arn:aws:ec2:us-east-1:388421404980:internet-gateway/igw-0c5061ef73ff333db",
            "id": "igw-0c5061ef73ff333db",
            "owner_id": "388421404980",
            "tags": {
              "Name": "demo_igw"
            },
            "tags_all": {
              "Name": "demo_igw"
            },
            "timeouts": null,
            "vpc_id": "vpc-064e07d8c6df6972a"
          },
          "sensitive_attributes": [],
          "private": "eyJlMmJmYjczMC1lY2FhLTExZTYtOGY4OC0zNDM2M2JjN2M0YzAiOnsiY3JlYXRlIjoxMjAwMDAwMDAwMDAwLCJkZWxldGUiOjEyMDAwMDAwMDAwMDAsInVwZGF0ZSI6MTIwMDAwMDAwMDAwMH19",
          "dependencies": [
            "aws_vpc.vpc"
          ]
        }
      ]
    },
    {
      "mode": "managed",
      "type": "aws_key_pair",
      "name": "generated",
      "provider": "provider[\"registry.terraform.io/hashicorp/aws\"]",
      "instances": [
        {
          "schema_version": 1,
          "attributes": {
            "arn": "arn:aws:ec2:us-east-1:388421404980:key-pair/MyAWSKey",
            "fingerprint": "8e:92:06:f8:d2:ee:41:33:2b:67:7e:3c:8d:ff:82:7e",
            "id": "MyAWSKey",
            "key_name": "MyAWSKey",
            "key_name_prefix": "",
            "key_pair_id": "key-05816b85c24fa3025",
            "key_type": "rsa",
            "public_key": "ssh-rsa AAAAB3NzaC1yc2EAAAADAQABAAABAQDalGD2pcWkBVpEua3dd6PvE8Ykr2qffh35u71Fj/XsPXWZTe+oNDGurBmAB9lf0yOSzibhgfrpO2TsWZa7mZ5tIACcvEqRVba0AljBLPHYteKFq7c6Vidt1Air6Pzvj7Jz5w/H/KIhyq8Diu/Lo/brK6iTsGN9qD1ZTJQdkSfV/ve5GcvcE4CdeBP1/vzjBjsCoNRWlSwV+X3bmk0qXA/Sj0q3PlhlYJjLUyJivrMWYLbcrJq5O40ENJSDTbZFAlmaVjKxZqcDZyvv86zFryxT3pLxaKG2RfCbql66F5C6n77sxtj56Iay+i516s2XG7r6zPbfeal+EgchGF+3Mwvh",
            "tags": {},
            "tags_all": {}
          },
          "sensitive_attributes": [],
          "private": "eyJzY2hlbWFfdmVyc2lvbiI6IjEifQ==",
          "dependencies": [
            "tls_private_key.generated"
          ]
        }
      ]
    },
    {
      "mode": "managed",
      "type": "aws_nat_gateway",
      "name": "nat_gateway",
      "provider": "provider[\"registry.terraform.io/hashicorp/aws\"]",
      "instances": [
        {
          "schema_version": 0,
          "attributes": {
            "allocation_id": "eipalloc-0d04460f0da42c3a8",
            "association_id": "eipassoc-00cd6211df9c477b8",
            "connectivity_type": "public",
            "id": "nat-0e1c7f713ee65fefd",
            "network_interface_id": "eni-0fe66b441c767e049",
            "private_ip": "10.0.101.169",
            "public_ip": "52.207.173.25",
            "secondary_allocation_ids": [],
            "secondary_private_ip_address_count": 0,
            "secondary_private_ip_addresses": [],
            "subnet_id": "subnet-0371c409d4dc4a8f4",
            "tags": {
              "Name": "demo_nat_gateway"
            },
            "tags_all": {
              "Name": "demo_nat_gateway"
            },
            "timeouts": null
          },
          "sensitive_attributes": [],
          "private": "eyJlMmJmYjczMC1lY2FhLTExZTYtOGY4OC0zNDM2M2JjN2M0YzAiOnsiY3JlYXRlIjo2MDAwMDAwMDAwMDAsImRlbGV0ZSI6MTgwMDAwMDAwMDAwMCwidXBkYXRlIjo2MDAwMDAwMDAwMDB9fQ==",
          "dependencies": [
            "aws_eip.nat_gateway_eip",
            "aws_internet_gateway.internet_gateway",
            "aws_subnet.public_subnets",
            "aws_vpc.vpc",
            "data.aws_availability_zones.available"
          ]
        }
      ]
    },
    {
      "mode": "managed",
      "type": "aws_route_table",
      "name": "public_route_table",
      "provider": "provider[\"registry.terraform.io/hashicorp/aws\"]",
      "instances": [
        {
          "schema_version": 0,
          "attributes": {
            "arn": "arn:aws:ec2:us-east-1:388421404980:route-table/rtb-07bcc8ed492134571",
            "id": "rtb-07bcc8ed492134571",
            "owner_id": "388421404980",
            "propagating_vgws": [],
            "route": [
              {
                "carrier_gateway_id": "",
                "cidr_block": "0.0.0.0/0",
                "core_network_arn": "",
                "destination_prefix_list_id": "",
                "egress_only_gateway_id": "",
                "gateway_id": "igw-0c5061ef73ff333db",
                "ipv6_cidr_block": "",
                "local_gateway_id": "",
                "nat_gateway_id": "",
                "network_interface_id": "",
                "transit_gateway_id": "",
                "vpc_endpoint_id": "",
                "vpc_peering_connection_id": ""
              }
            ],
            "tags": {
              "Name": "demo_public_rtb",
              "Terraform": "true"
            },
            "tags_all": {
              "Name": "demo_public_rtb",
              "Terraform": "true"
            },
            "timeouts": null,
            "vpc_id": "vpc-064e07d8c6df6972a"
          },
          "sensitive_attributes": [],
          "private": "eyJlMmJmYjczMC1lY2FhLTExZTYtOGY4OC0zNDM2M2JjN2M0YzAiOnsiY3JlYXRlIjozMDAwMDAwMDAwMDAsImRlbGV0ZSI6MzAwMDAwMDAwMDAwLCJ1cGRhdGUiOjEyMDAwMDAwMDAwMH19",
          "dependencies": [
            "aws_internet_gateway.internet_gateway",
            "aws_vpc.vpc"
          ]
        }
      ]
    },
    {
      "mode": "managed",
      "type": "aws_route_table_association",
      "name": "public",
      "provider": "provider[\"registry.terraform.io/hashicorp/aws\"]",
      "instances": [
        {
          "index_key": "public_subnet_1",
          "schema_version": 0,
          "attributes": {
            "gateway_id": "",
            "id": "rtbassoc-0e6b2e03e1a0cd000",
            "route_table_id": "rtb-07bcc8ed492134571",
            "subnet_id": "subnet-0371c409d4dc4a8f4",
            "timeouts": null
          },
          "sensitive_attributes": [],
          "private": "eyJlMmJmYjczMC1lY2FhLTExZTYtOGY4OC0zNDM2M2JjN2M0YzAiOnsiY3JlYXRlIjozMDAwMDAwMDAwMDAsImRlbGV0ZSI6MzAwMDAwMDAwMDAwLCJ1cGRhdGUiOjEyMDAwMDAwMDAwMH19",
          "dependencies": [
            "aws_internet_gateway.internet_gateway",
            "aws_route_table.public_route_table",
            "aws_subnet.public_subnets",
            "aws_vpc.vpc",
            "data.aws_availability_zones.available"
          ]
        },
        {
          "index_key": "public_subnet_2",
          "schema_version": 0,
          "attributes": {
            "gateway_id": "",
            "id": "rtbassoc-00d4adbd4faccdf60",
            "route_table_id": "rtb-07bcc8ed492134571",
            "subnet_id": "subnet-0469483c588324071",
            "timeouts": null
          },
          "sensitive_attributes": [],
          "private": "eyJlMmJmYjczMC1lY2FhLTExZTYtOGY4OC0zNDM2M2JjN2M0YzAiOnsiY3JlYXRlIjozMDAwMDAwMDAwMDAsImRlbGV0ZSI6MzAwMDAwMDAwMDAwLCJ1cGRhdGUiOjEyMDAwMDAwMDAwMH19",
          "dependencies": [
            "aws_internet_gateway.internet_gateway",
            "aws_route_table.public_route_table",
            "aws_subnet.public_subnets",
            "aws_vpc.vpc",
            "data.aws_availability_zones.available"
          ]
        },
        {
          "index_key": "public_subnet_3",
          "schema_version": 0,
          "attributes": {
            "gateway_id": "",
            "id": "rtbassoc-07f94c855dd151874",
            "route_table_id": "rtb-07bcc8ed492134571",
            "subnet_id": "subnet-0bc6aadf8ba22cedd",
            "timeouts": null
          },
          "sensitive_attributes": [],
          "private": "eyJlMmJmYjczMC1lY2FhLTExZTYtOGY4OC0zNDM2M2JjN2M0YzAiOnsiY3JlYXRlIjozMDAwMDAwMDAwMDAsImRlbGV0ZSI6MzAwMDAwMDAwMDAwLCJ1cGRhdGUiOjEyMDAwMDAwMDAwMH19",
          "dependencies": [
            "aws_internet_gateway.internet_gateway",
            "aws_route_table.public_route_table",
            "aws_subnet.public_subnets",
            "aws_vpc.vpc",
            "data.aws_availability_zones.available"
          ]
        }
      ]
    },
    {
      "mode": "managed",
      "type": "aws_security_group",
      "name": "ingress-ssh",
      "provider": "provider[\"registry.terraform.io/hashicorp/aws\"]",
      "instances": [
        {
          "schema_version": 1,
          "attributes": {
            "arn": "arn:aws:ec2:us-east-1:388421404980:security-group/sg-056303adbf3ab6717",
            "description": "Managed by Terraform",
            "egress": [
              {
                "cidr_blocks": [
                  "0.0.0.0/0"
                ],
                "description": "",
                "from_port": 0,
                "ipv6_cidr_blocks": [],
                "prefix_list_ids": [],
                "protocol": "-1",
                "security_groups": [],
                "self": false,
                "to_port": 0
              }
            ],
            "id": "sg-056303adbf3ab6717",
            "ingress": [
              {
                "cidr_blocks": [
                  "0.0.0.0/0"
                ],
                "description": "",
                "from_port": 22,
                "ipv6_cidr_blocks": [],
                "prefix_list_ids": [],
                "protocol": "tcp",
                "security_groups": [],
                "self": false,
                "to_port": 22
              }
            ],
            "name": "allow-all-ssh",
            "name_prefix": "",
            "owner_id": "388421404980",
            "revoke_rules_on_delete": false,
            "tags": {},
            "tags_all": {},
            "timeouts": null,
            "vpc_id": "vpc-064e07d8c6df6972a"
          },
          "sensitive_attributes": [],
          "private": "eyJlMmJmYjczMC1lY2FhLTExZTYtOGY4OC0zNDM2M2JjN2M0YzAiOnsiY3JlYXRlIjo2MDAwMDAwMDAwMDAsImRlbGV0ZSI6OTAwMDAwMDAwMDAwfSwic2NoZW1hX3ZlcnNpb24iOiIxIn0=",
          "dependencies": [
            "aws_vpc.vpc"
          ]
        }
      ]
    },
    {
      "mode": "managed",
      "type": "aws_security_group",
      "name": "vpc-ping",
      "provider": "provider[\"registry.terraform.io/hashicorp/aws\"]",
      "instances": [
        {
          "schema_version": 1,
          "attributes": {
            "arn": "arn:aws:ec2:us-east-1:388421404980:security-group/sg-0f9c431116bdec5bc",
            "description": "ICMP for Ping Access",
            "egress": [
              {
                "cidr_blocks": [
                  "0.0.0.0/0"
                ],
                "description": "Allow all ip and ports outboun",
                "from_port": 0,
                "ipv6_cidr_blocks": [],
                "prefix_list_ids": [],
                "protocol": "-1",
                "security_groups": [],
                "self": false,
                "to_port": 0
              }
            ],
            "id": "sg-0f9c431116bdec5bc",
            "ingress": [
              {
                "cidr_blocks": [
                  "0.0.0.0/0"
                ],
                "description": "Allow ICMP Traffic",
                "from_port": -1,
                "ipv6_cidr_blocks": [],
                "prefix_list_ids": [],
                "protocol": "icmp",
                "security_groups": [],
                "self": false,
                "to_port": -1
              }
            ],
            "name": "vpc-ping",
            "name_prefix": "",
            "owner_id": "388421404980",
            "revoke_rules_on_delete": false,
            "tags": {},
            "tags_all": {},
            "timeouts": null,
            "vpc_id": "vpc-064e07d8c6df6972a"
          },
          "sensitive_attributes": [],
          "private": "eyJlMmJmYjczMC1lY2FhLTExZTYtOGY4OC0zNDM2M2JjN2M0YzAiOnsiY3JlYXRlIjo2MDAwMDAwMDAwMDAsImRlbGV0ZSI6OTAwMDAwMDAwMDAwfSwic2NoZW1hX3ZlcnNpb24iOiIxIn0=",
          "dependencies": [
            "aws_vpc.vpc"
          ]
        }
      ]
    },
    {
      "mode": "managed",
      "type": "aws_security_group",
      "name": "vpc-web",
      "provider": "provider[\"registry.terraform.io/hashicorp/aws\"]",
      "instances": [
        {
          "schema_version": 1,
          "attributes": {
            "arn": "arn:aws:ec2:us-east-1:388421404980:security-group/sg-017d599970c6e88c5",
            "description": "Web Traffic",
            "egress": [
              {
                "cidr_blocks": [
                  "0.0.0.0/0"
                ],
                "description": "Allow all ip and ports outbound",
                "from_port": 0,
                "ipv6_cidr_blocks": [],
                "prefix_list_ids": [],
                "protocol": "-1",
                "security_groups": [],
                "self": false,
                "to_port": 0
              }
            ],
            "id": "sg-017d599970c6e88c5",
            "ingress": [
              {
                "cidr_blocks": [
                  "0.0.0.0/0"
                ],
                "description": "Allow Port 443",
                "from_port": 443,
                "ipv6_cidr_blocks": [],
                "prefix_list_ids": [],
                "protocol": "tcp",
                "security_groups": [],
                "self": false,
                "to_port": 443
              },
              {
                "cidr_blocks": [
                  "0.0.0.0/0"
                ],
                "description": "Allow Port 80",
                "from_port": 80,
                "ipv6_cidr_blocks": [],
                "prefix_list_ids": [],
                "protocol": "tcp",
                "security_groups": [],
                "self": false,
                "to_port": 80
              }
            ],
            "name": "vpc-web-default",
            "name_prefix": "",
            "owner_id": "388421404980",
            "revoke_rules_on_delete": false,
            "tags": {},
            "tags_all": {},
            "timeouts": null,
            "vpc_id": "vpc-064e07d8c6df6972a"
          },
          "sensitive_attributes": [],
          "private": "eyJlMmJmYjczMC1lY2FhLTExZTYtOGY4OC0zNDM2M2JjN2M0YzAiOnsiY3JlYXRlIjo2MDAwMDAwMDAwMDAsImRlbGV0ZSI6OTAwMDAwMDAwMDAwfSwic2NoZW1hX3ZlcnNpb24iOiIxIn0=",
          "dependencies": [
            "aws_vpc.vpc"
          ]
        }
      ]
    },
    {
      "mode": "managed",
      "type": "aws_subnet",
      "name": "public_subnets",
      "provider": "provider[\"registry.terraform.io/hashicorp/aws\"]",
      "instances": [
        {
          "index_key": "public_subnet_1",
          "schema_version": 1,
          "attributes": {
            "arn": "arn:aws:ec2:us-east-1:388421404980:subnet/subnet-0371c409d4dc4a8f4",
            "assign_ipv6_address_on_creation": false,
            "availability_zone": "us-east-1b",
            "availability_zone_id": "use1-az1",
            "cidr_block": "10.0.101.0/24",
            "customer_owned_ipv4_pool": "",
            "enable_dns64": false,
            "enable_lni_at_device_index": 0,
            "enable_resource_name_dns_a_record_on_launch": false,
            "enable_resource_name_dns_aaaa_record_on_launch": false,
            "id": "subnet-0371c409d4dc4a8f4",
            "ipv6_cidr_block": "",
            "ipv6_cidr_block_association_id": "",
            "ipv6_native": false,
            "map_customer_owned_ip_on_launch": false,
            "map_public_ip_on_launch": true,
            "outpost_arn": "",
            "owner_id": "388421404980",
            "private_dns_hostname_type_on_launch": "ip-name",
            "tags": {
              "Name": "public_subnet_1",
              "Terraform": "true"
            },
            "tags_all": {
              "Name": "public_subnet_1",
              "Terraform": "true"
            },
            "timeouts": null,
            "vpc_id": "vpc-064e07d8c6df6972a"
          },
          "sensitive_attributes": [],
          "private": "eyJlMmJmYjczMC1lY2FhLTExZTYtOGY4OC0zNDM2M2JjN2M0YzAiOnsiY3JlYXRlIjo2MDAwMDAwMDAwMDAsImRlbGV0ZSI6MTIwMDAwMDAwMDAwMH0sInNjaGVtYV92ZXJzaW9uIjoiMSJ9",
          "dependencies": [
            "aws_vpc.vpc",
            "data.aws_availability_zones.available"
          ]
        },
        {
          "index_key": "public_subnet_2",
          "schema_version": 1,
          "attributes": {
            "arn": "arn:aws:ec2:us-east-1:388421404980:subnet/subnet-0469483c588324071",
            "assign_ipv6_address_on_creation": false,
            "availability_zone": "us-east-1c",
            "availability_zone_id": "use1-az2",
            "cidr_block": "10.0.102.0/24",
            "customer_owned_ipv4_pool": "",
            "enable_dns64": false,
            "enable_lni_at_device_index": 0,
            "enable_resource_name_dns_a_record_on_launch": false,
            "enable_resource_name_dns_aaaa_record_on_launch": false,
            "id": "subnet-0469483c588324071",
            "ipv6_cidr_block": "",
            "ipv6_cidr_block_association_id": "",
            "ipv6_native": false,
            "map_customer_owned_ip_on_launch": false,
            "map_public_ip_on_launch": true,
            "outpost_arn": "",
            "owner_id": "388421404980",
            "private_dns_hostname_type_on_launch": "ip-name",
            "tags": {
              "Name": "public_subnet_2",
              "Terraform": "true"
            },
            "tags_all": {
              "Name": "public_subnet_2",
              "Terraform": "true"
            },
            "timeouts": null,
            "vpc_id": "vpc-064e07d8c6df6972a"
          },
          "sensitive_attributes": [],
          "private": "eyJlMmJmYjczMC1lY2FhLTExZTYtOGY4OC0zNDM2M2JjN2M0YzAiOnsiY3JlYXRlIjo2MDAwMDAwMDAwMDAsImRlbGV0ZSI6MTIwMDAwMDAwMDAwMH0sInNjaGVtYV92ZXJzaW9uIjoiMSJ9",
          "dependencies": [
            "aws_vpc.vpc",
            "data.aws_availability_zones.available"
          ]
        },
        {
          "index_key": "public_subnet_3",
          "schema_version": 1,
          "attributes": {
            "arn": "arn:aws:ec2:us-east-1:388421404980:subnet/subnet-0bc6aadf8ba22cedd",
            "assign_ipv6_address_on_creation": false,
            "availability_zone": "us-east-1d",
            "availability_zone_id": "use1-az4",
            "cidr_block": "10.0.103.0/24",
            "customer_owned_ipv4_pool": "",
            "enable_dns64": false,
            "enable_lni_at_device_index": 0,
            "enable_resource_name_dns_a_record_on_launch": false,
            "enable_resource_name_dns_aaaa_record_on_launch": false,
            "id": "subnet-0bc6aadf8ba22cedd",
            "ipv6_cidr_block": "",
            "ipv6_cidr_block_association_id": "",
            "ipv6_native": false,
            "map_customer_owned_ip_on_launch": false,
            "map_public_ip_on_launch": true,
            "outpost_arn": "",
            "owner_id": "388421404980",
            "private_dns_hostname_type_on_launch": "ip-name",
            "tags": {
              "Name": "public_subnet_3",
              "Terraform": "true"
            },
            "tags_all": {
              "Name": "public_subnet_3",
              "Terraform": "true"
            },
            "timeouts": null,
            "vpc_id": "vpc-064e07d8c6df6972a"
          },
          "sensitive_attributes": [],
          "private": "eyJlMmJmYjczMC1lY2FhLTExZTYtOGY4OC0zNDM2M2JjN2M0YzAiOnsiY3JlYXRlIjo2MDAwMDAwMDAwMDAsImRlbGV0ZSI6MTIwMDAwMDAwMDAwMH0sInNjaGVtYV92ZXJzaW9uIjoiMSJ9",
          "dependencies": [
            "aws_vpc.vpc",
            "data.aws_availability_zones.available"
          ]
        }
      ]
    },
    {
      "mode": "managed",
      "type": "aws_vpc",
      "name": "vpc",
      "provider": "provider[\"registry.terraform.io/hashicorp/aws\"]",
      "instances": [
        {
          "schema_version": 1,
          "attributes": {
            "arn": "arn:aws:ec2:us-east-1:388421404980:vpc/vpc-064e07d8c6df6972a",
            "assign_generated_ipv6_cidr_block": false,
            "cidr_block": "10.0.0.0/16",
            "default_network_acl_id": "acl-0d63f4792d6cae8a7",
            "default_route_table_id": "rtb-0ef44848c6a7fdd8b",
            "default_security_group_id": "sg-04878e4ff4017800c",
            "dhcp_options_id": "dopt-05278e1c2b6d82c4b",
            "enable_dns_hostnames": false,
            "enable_dns_support": true,
            "enable_network_address_usage_metrics": false,
            "id": "vpc-064e07d8c6df6972a",
            "instance_tenancy": "default",
            "ipv4_ipam_pool_id": null,
            "ipv4_netmask_length": null,
            "ipv6_association_id": "",
            "ipv6_cidr_block": "",
            "ipv6_cidr_block_network_border_group": "",
            "ipv6_ipam_pool_id": "",
            "ipv6_netmask_length": 0,
            "main_route_table_id": "rtb-0ef44848c6a7fdd8b",
            "owner_id": "388421404980",
            "tags": {
              "Environment": "demo_environment",
              "Name": "demo_vpc",
              "Terraform": "true"
            },
            "tags_all": {
              "Environment": "demo_environment",
              "Name": "demo_vpc",
              "Terraform": "true"
            }
          },
          "sensitive_attributes": [],
          "private": "eyJzY2hlbWFfdmVyc2lvbiI6IjEifQ=="
        }
      ]
    },
    {
      "mode": "managed",
      "type": "local_file",
      "name": "private_key_pem",
      "provider": "provider[\"registry.terraform.io/hashicorp/local\"]",
      "instances": [
        {
          "schema_version": 0,
          "attributes": {
            "content": "-----BEGIN RSA PRIVATE KEY-----\nMIIEpQIBAAKCAQEA2pRg9qXFpAVaRLmt3Xej7xPGJK9qn34d+bu9RY/17D11mU3v\nqDQxrqwZgAfZX9Mjks4m4YH66Ttk7FmWu5mebSAAnLxKkVW2tAJYwSzx2LXihau3\nOlYnbdQIq+j874+yc+cPx/yiIcqvA4rvy6P26yuok7Bjfag9WUyUHZEn1f73uRnL\n3BOAnXgT9f784wY7AqDUVpUsFfl925pNKlwP0o9Ktz5YZWCYy1MiYr6zFmC23Kya\nuTuNBDSUg022RQJZmlYysWanA2cr7/Osxa8sU96S8WihtkXwm6peuheQup++7MbY\n+eiGsvouderNlxu6+sz233mpfhIHIRhftzML4QIDAQABAoIBAQCxQ1YjkSroqwKa\n666KBgXn1LSDedNRh3kN1+hWarq5HNqrOl5angGQs7d2cmciZFvcKd20UrJGxclC\nOCGbAKlPvH1inv0mQkoKUEDkYOu9oTwUxb6xy77sPeHOcQP30CScBE5zFHn0R6iJ\nifqQvud3rw9mvszg0jj2m7kfBWI2E7DoyAjD4WgQjljbRHKWK6lWF7MbQywwTL1X\nIdXgru7PQ+ivlbtubAcFGvn9eUJA+HIocHpTHM5GSXfEMhcAQcPW8keHLrbQfpQh\nnzbiKFEDuGJNzg/udcMICN5JxgbOkItmaO7RGy10UtCQiXd1gUgAgcPkEk20j6i/\nMivcMitFAoGBANwFJPY1IFk24ZBeaXihKazOgRSFAzoYO7sY93IeqXp3FYsvM4S/\nQKhIwrBX6oJi5JmCkiPBUciInqC9GQoGMQbMM4b/DsRFq1L6Vn5Sh4OBvtloOBdz\nSqLn5ERsccTd/x1OpOaYjyRUu149IqUePWR+ZeH2JS7dUydbvvqa5fZTAoGBAP5S\n7hufvkgmOJoT/eTiyNfjzmZkl5QeBJicRU1GWc9rynm0+E+9ThmhDH9uL3tBw+WD\nXBZ+MOcYQNZGHgnYer+iSfZt9c8kJfSJ4NzPiE3+O5zvCS4BgXCiMFFiJo1adLQj\nT7G4rgi80GqVgwZXbYKfNXkeJf6fvLb6uklP2UZ7AoGBAKk2X6XnV/ilJ7djlRRM\nRoP70fRZFBFC//U2D2C6SjfAjFYeOC4Y9P4371u2UcpzikKx0/khvedPg0g2BqLZ\n/iyvMdXaJZ43wrqvg4Plrwkp6QDFkZYfekBtvfYNvTXeUk1U5affnv8fF3cz54g8\nCJVYTL0LFK/FUiWL/wY3yTK3AoGALbS1uh0xU0IbNgWVwYbIVZRJSbmWTDZA2TRs\neADGrzJOByVw4tPAr3Z0CorA2cPt8tdyu1Aedcm0DU44o8hV9w6xgCou3PVAJPyK\nfuSFOI8SI5gJ7Ey0+IsNZ/LdvtWc16ro7aWlEUjto9oO3BrmQW1fbM7wQRxwC+pv\nhDFnePUCgYEA04qopbPwtXrOr1uxig63oUgzsvFCUNrW18yOrEy44TRu8S7boSsC\nfjbkDisHGa1tRQygK+MlK3LcmVHet/iBGDIK9mvY+BdX3nZaqcVmcyhf5RwPhoMt\n8Sim+KAMsOAbt0w5Gk17jWRfmFqIKOUM6Mc8xUiMf3/seG41+30vMhQ=\n-----END RSA PRIVATE KEY-----\n",
            "content_base64": null,
            "directory_permission": "0777",
            "file_permission": "0777",
            "filename": "MyAWSKey.pem",
            "id": "7765bd853e3e3726eb6ddf12ee7b57f0b0e1cc99",
            "sensitive_content": null,
            "source": null
          },
          "sensitive_attributes": [
            [
              {
                "type": "get_attr",
                "value": "content"
              }
            ],
            [
              {
                "type": "get_attr",
                "value": "sensitive_content"
              }
            ]
          ],
          "private": "bnVsbA==",
          "dependencies": [
            "tls_private_key.generated"
          ]
        }
      ]
    },
    {
      "mode": "managed",
      "type": "tls_private_key",
      "name": "generated",
      "provider": "provider[\"registry.terraform.io/hashicorp/tls\"]",
      "instances": [
        {
          "schema_version": 0,
          "attributes": {
            "algorithm": "RSA",
            "ecdsa_curve": "P224",
            "id": "a9036496964ffa5750f27e85df7674a46c4cd8bf",
            "private_key_pem": "-----BEGIN RSA PRIVATE KEY-----\nMIIEpQIBAAKCAQEA2pRg9qXFpAVaRLmt3Xej7xPGJK9qn34d+bu9RY/17D11mU3v\nqDQxrqwZgAfZX9Mjks4m4YH66Ttk7FmWu5mebSAAnLxKkVW2tAJYwSzx2LXihau3\nOlYnbdQIq+j874+yc+cPx/yiIcqvA4rvy6P26yuok7Bjfag9WUyUHZEn1f73uRnL\n3BOAnXgT9f784wY7AqDUVpUsFfl925pNKlwP0o9Ktz5YZWCYy1MiYr6zFmC23Kya\nuTuNBDSUg022RQJZmlYysWanA2cr7/Osxa8sU96S8WihtkXwm6peuheQup++7MbY\n+eiGsvouderNlxu6+sz233mpfhIHIRhftzML4QIDAQABAoIBAQCxQ1YjkSroqwKa\n666KBgXn1LSDedNRh3kN1+hWarq5HNqrOl5angGQs7d2cmciZFvcKd20UrJGxclC\nOCGbAKlPvH1inv0mQkoKUEDkYOu9oTwUxb6xy77sPeHOcQP30CScBE5zFHn0R6iJ\nifqQvud3rw9mvszg0jj2m7kfBWI2E7DoyAjD4WgQjljbRHKWK6lWF7MbQywwTL1X\nIdXgru7PQ+ivlbtubAcFGvn9eUJA+HIocHpTHM5GSXfEMhcAQcPW8keHLrbQfpQh\nnzbiKFEDuGJNzg/udcMICN5JxgbOkItmaO7RGy10UtCQiXd1gUgAgcPkEk20j6i/\nMivcMitFAoGBANwFJPY1IFk24ZBeaXihKazOgRSFAzoYO7sY93IeqXp3FYsvM4S/\nQKhIwrBX6oJi5JmCkiPBUciInqC9GQoGMQbMM4b/DsRFq1L6Vn5Sh4OBvtloOBdz\nSqLn5ERsccTd/x1OpOaYjyRUu149IqUePWR+ZeH2JS7dUydbvvqa5fZTAoGBAP5S\n7hufvkgmOJoT/eTiyNfjzmZkl5QeBJicRU1GWc9rynm0+E+9ThmhDH9uL3tBw+WD\nXBZ+MOcYQNZGHgnYer+iSfZt9c8kJfSJ4NzPiE3+O5zvCS4BgXCiMFFiJo1adLQj\nT7G4rgi80GqVgwZXbYKfNXkeJf6fvLb6uklP2UZ7AoGBAKk2X6XnV/ilJ7djlRRM\nRoP70fRZFBFC//U2D2C6SjfAjFYeOC4Y9P4371u2UcpzikKx0/khvedPg0g2BqLZ\n/iyvMdXaJZ43wrqvg4Plrwkp6QDFkZYfekBtvfYNvTXeUk1U5affnv8fF3cz54g8\nCJVYTL0LFK/FUiWL/wY3yTK3AoGALbS1uh0xU0IbNgWVwYbIVZRJSbmWTDZA2TRs\neADGrzJOByVw4tPAr3Z0CorA2cPt8tdyu1Aedcm0DU44o8hV9w6xgCou3PVAJPyK\nfuSFOI8SI5gJ7Ey0+IsNZ/LdvtWc16ro7aWlEUjto9oO3BrmQW1fbM7wQRxwC+pv\nhDFnePUCgYEA04qopbPwtXrOr1uxig63oUgzsvFCUNrW18yOrEy44TRu8S7boSsC\nfjbkDisHGa1tRQygK+MlK3LcmVHet/iBGDIK9mvY+BdX3nZaqcVmcyhf5RwPhoMt\n8Sim+KAMsOAbt0w5Gk17jWRfmFqIKOUM6Mc8xUiMf3/seG41+30vMhQ=\n-----END RSA PRIVATE KEY-----\n",
            "public_key_fingerprint_md5": "05:94:30:85:2e:ef:b7:a7:d3:70:3a:3e:84:f0:c9:f7",
            "public_key_openssh": "ssh-rsa AAAAB3NzaC1yc2EAAAADAQABAAABAQDalGD2pcWkBVpEua3dd6PvE8Ykr2qffh35u71Fj/XsPXWZTe+oNDGurBmAB9lf0yOSzibhgfrpO2TsWZa7mZ5tIACcvEqRVba0AljBLPHYteKFq7c6Vidt1Air6Pzvj7Jz5w/H/KIhyq8Diu/Lo/brK6iTsGN9qD1ZTJQdkSfV/ve5GcvcE4CdeBP1/vzjBjsCoNRWlSwV+X3bmk0qXA/Sj0q3PlhlYJjLUyJivrMWYLbcrJq5O40ENJSDTbZFAlmaVjKxZqcDZyvv86zFryxT3pLxaKG2RfCbql66F5C6n77sxtj56Iay+i516s2XG7r6zPbfeal+EgchGF+3Mwvh\n",
            "public_key_pem": "-----BEGIN PUBLIC KEY-----\nMIIBIjANBgkqhkiG9w0BAQEFAAOCAQ8AMIIBCgKCAQEA2pRg9qXFpAVaRLmt3Xej\n7xPGJK9qn34d+bu9RY/17D11mU3vqDQxrqwZgAfZX9Mjks4m4YH66Ttk7FmWu5me\nbSAAnLxKkVW2tAJYwSzx2LXihau3OlYnbdQIq+j874+yc+cPx/yiIcqvA4rvy6P2\n6yuok7Bjfag9WUyUHZEn1f73uRnL3BOAnXgT9f784wY7AqDUVpUsFfl925pNKlwP\n0o9Ktz5YZWCYy1MiYr6zFmC23KyauTuNBDSUg022RQJZmlYysWanA2cr7/Osxa8s\nU96S8WihtkXwm6peuheQup++7MbY+eiGsvouderNlxu6+sz233mpfhIHIRhftzML\n4QIDAQAB\n-----END PUBLIC KEY-----\n",
            "rsa_bits": 2048
          },
          "sensitive_attributes": [
            [
              {
                "type": "get_attr",
                "value": "private_key_pem"
              }
            ]
          ],
          "private": "bnVsbA=="
        }
      ]
    }
  ],
  "check_results": null
}
