{
  "version": 4,
  "terraform_version": "1.8.5",
  "serial": 4,
  "lineage": "1690e63e-fd11-8f47-fa21-48843221e12a",
  "outputs": {},
  "resources": [
    {
      "mode": "managed",
      "type": "random_string",
      "name": "random",
      "provider": "provider[\"registry.terraform.io/hashicorp/random\"]",
      "instances": [
        {
          "schema_version": 2,
          "attributes": {
            "id": "B*vX+%Qi$U",
            "keepers": null,
            "length": 10,
            "lower": true,
            "min_lower": 0,
            "min_numeric": 0,
            "min_special": 0,
            "min_upper": 0,
            "number": true,
            "numeric": true,
            "override_special": null,
            "result": "B*vX+%Qi$U",
            "special": true,
            "upper": true
          },
          "sensitive_attributes": []
        }
      ]
    }
  ],
  "check_results": null
}
